{
  "lockfile_version": "1",
  "packages": {
    "caddy@latest": {
      "last_modified": "2025-03-23T14:04:58Z",
      "resolved": "github:NixOS/nixpkgs/f3a2a0601e9669a6e38af25b46ce6c4563bcb6da#caddy",
      "source": "devbox-search",
      "version": "2.9.1",
      "systems": {
        "aarch64-darwin": {
          "outputs": [
            {
              "name": "out",
              "path": "/nix/store/b7jzvyiigc2cfa4jljk0kqb0z7m4cngg-caddy-2.9.1",
              "default": true
            }
          ],
          "store_path": "/nix/store/b7jzvyiigc2cfa4jljk0kqb0z7m4cngg-caddy-2.9.1"
        },
        "aarch64-linux": {
          "outputs": [
            {
              "name": "out",
              "path": "/nix/store/ck57g3lwbzpdiwbjdaa6b896m7m6w31k-caddy-2.9.1",
              "default": true
            }
          ],
          "store_path": "/nix/store/ck57g3lwbzpdiwbjdaa6b896m7m6w31k-caddy-2.9.1"
        },
        "x86_64-darwin": {
          "outputs": [
            {
              "name": "out",
              "path": "/nix/store/ys9njfdi6byp484pj61qqis6zsajvhcj-caddy-2.9.1",
              "default": true
            }
          ],
          "store_path": "/nix/store/ys9njfdi6byp484pj61qqis6zsajvhcj-caddy-2.9.1"
        },
        "x86_64-linux": {
          "outputs": [
            {
              "name": "out",
              "path": "/nix/store/vdjnfdjnnqspc67fjys692b4hishmljd-caddy-2.9.1",
              "default": true
            }
          ],
          "store_path": "/nix/store/vdjnfdjnnqspc67fjys692b4hishmljd-caddy-2.9.1"
        }
      }
    },
    "dart-sass@latest": {
      "last_modified": "2025-03-26T18:47:43Z",
      "resolved": "github:NixOS/nixpkgs/bd3bac8bfb542dbde7ffffb6987a1a1f9d41699f#dart-sass",
      "source": "devbox-search",
      "version": "1.86.0",
      "systems": {
        "aarch64-darwin": {
          "outputs": [
            {
              "name": "out",
              "path": "/nix/store/jicxqpjhnl8naq9p3j5yv3nxznm6ca0p-dart-sass-1.86.0",
              "default": true
            },
            {
              "name": "pubcache",
              "path": "/nix/store/nmcfyzsxbmcimabw9bc1q38rjvrbang4-dart-sass-1.86.0-pubcache"
            }
          ],
          "store_path": "/nix/store/jicxqpjhnl8naq9p3j5yv3nxznm6ca0p-dart-sass-1.86.0"
        },
        "aarch64-linux": {
          "outputs": [
            {
              "name": "out",
              "path": "/nix/store/1n001lchf1llac3v8whldjjzw3cav87h-dart-sass-1.86.0",
              "default": true
            },
            {
              "name": "pubcache",
              "path": "/nix/store/naf1mym2xf3v9gnck3m0pngd3w0ylvbk-dart-sass-1.86.0-pubcache"
            }
          ],
          "store_path": "/nix/store/1n001lchf1llac3v8whldjjzw3cav87h-dart-sass-1.86.0"
        },
        "x86_64-darwin": {
          "outputs": [
            {
              "name": "out",
              "path": "/nix/store/8sy639nfmbws12qm6lvqfpy0nplpbqsd-dart-sass-1.86.0",
              "default": true
            },
            {
              "name": "pubcache",
              "path": "/nix/store/dw1k4sb58gp8bq1xlyfz6w96msyf03pb-dart-sass-1.86.0-pubcache"
            }
          ],
          "store_path": "/nix/store/8sy639nfmbws12qm6lvqfpy0nplpbqsd-dart-sass-1.86.0"
        },
        "x86_64-linux": {
          "outputs": [
            {
              "name": "out",
              "path": "/nix/store/ksid7wkg0wi3m36a8md02qnpdk4myjg3-dart-sass-1.86.0",
              "default": true
            },
            {
              "name": "pubcache",
              "path": "/nix/store/azrk511qrg0vyh322kz2d07a9i3w4ifs-dart-sass-1.86.0-pubcache"
            }
          ],
          "store_path": "/nix/store/ksid7wkg0wi3m36a8md02qnpdk4myjg3-dart-sass-1.86.0"
        }
      }
    },
    "elmPackages.elm-format@latest": {
      "last_modified": "2025-03-11T17:52:14Z",
      "resolved": "github:NixOS/nixpkgs/0d534853a55b5d02a4ababa1d71921ce8f0aee4c#elmPackages.elm-format",
      "source": "devbox-search",
      "version": "0.8.7",
      "systems": {
        "aarch64-darwin": {
          "outputs": [
            {
              "name": "out",
              "path": "/nix/store/4p502wy4cgjwpkpj0pl3jdpmxrhn6j2c-elm-format-0.8.7",
              "default": true
            }
          ],
          "store_path": "/nix/store/4p502wy4cgjwpkpj0pl3jdpmxrhn6j2c-elm-format-0.8.7"
        },
        "aarch64-linux": {
          "outputs": [
            {
              "name": "out",
              "path": "/nix/store/hlhdz8klahxypf8pqzsm5nwr3xjfkm3m-elm-format-0.8.7",
              "default": true
            }
          ],
          "store_path": "/nix/store/hlhdz8klahxypf8pqzsm5nwr3xjfkm3m-elm-format-0.8.7"
        },
        "x86_64-darwin": {
          "outputs": [
            {
              "name": "out",
              "path": "/nix/store/3q59w273akmyj5fq5cjly3k83m3dw62b-elm-format-0.8.7",
              "default": true
            }
          ],
          "store_path": "/nix/store/3q59w273akmyj5fq5cjly3k83m3dw62b-elm-format-0.8.7"
        },
        "x86_64-linux": {
          "outputs": [
            {
              "name": "out",
              "path": "/nix/store/wjwqd8w38x5nrk0jx9mr52sc2c70zq0i-elm-format-0.8.7",
              "default": true
            }
          ],
          "store_path": "/nix/store/wjwqd8w38x5nrk0jx9mr52sc2c70zq0i-elm-format-0.8.7"
        }
      }
    },
    "elmPackages.elm-optimize-level-2@latest": {
      "last_modified": "2025-03-11T17:52:14Z",
      "resolved": "github:NixOS/nixpkgs/0d534853a55b5d02a4ababa1d71921ce8f0aee4c#elmPackages.elm-optimize-level-2",
      "source": "devbox-search",
      "version": "2-0.3.5",
      "systems": {
        "aarch64-darwin": {
          "outputs": [
            {
              "name": "out",
              "path": "/nix/store/737lnc8dqva0pfa9wdpgx9akz4z2pw4p-elm-optimize-level-2-0.3.5",
              "default": true
            }
          ],
          "store_path": "/nix/store/737lnc8dqva0pfa9wdpgx9akz4z2pw4p-elm-optimize-level-2-0.3.5"
        },
        "aarch64-linux": {
          "outputs": [
            {
              "name": "out",
              "path": "/nix/store/zj3k1d7hgk5lzbf7ybwchmd3kqcph895-elm-optimize-level-2-0.3.5",
              "default": true
            }
          ],
          "store_path": "/nix/store/zj3k1d7hgk5lzbf7ybwchmd3kqcph895-elm-optimize-level-2-0.3.5"
        },
        "x86_64-darwin": {
          "outputs": [
            {
              "name": "out",
              "path": "/nix/store/0bnkh8qsqpkb4hn8sldi6jv0biv1w905-elm-optimize-level-2-0.3.5",
              "default": true
            }
          ],
          "store_path": "/nix/store/0bnkh8qsqpkb4hn8sldi6jv0biv1w905-elm-optimize-level-2-0.3.5"
        },
        "x86_64-linux": {
          "outputs": [
            {
              "name": "out",
              "path": "/nix/store/29r69rqgdcpwwlhmqa6sy7dlnfjnhrmn-elm-optimize-level-2-0.3.5",
              "default": true
            }
          ],
          "store_path": "/nix/store/29r69rqgdcpwwlhmqa6sy7dlnfjnhrmn-elm-optimize-level-2-0.3.5"
        }
      }
    },
    "elmPackages.elm-review@latest": {
      "last_modified": "2025-03-11T17:52:14Z",
      "resolved": "github:NixOS/nixpkgs/0d534853a55b5d02a4ababa1d71921ce8f0aee4c#elmPackages.elm-review",
      "source": "devbox-search",
      "version": "2.13.2",
      "systems": {
        "aarch64-darwin": {
          "outputs": [
            {
              "name": "out",
              "path": "/nix/store/km4m7yziy3qgjy4j27ahak4v2bd65zxp-elm-review-2.13.2",
              "default": true
            }
          ],
          "store_path": "/nix/store/km4m7yziy3qgjy4j27ahak4v2bd65zxp-elm-review-2.13.2"
        },
        "aarch64-linux": {
          "outputs": [
            {
              "name": "out",
              "path": "/nix/store/7zwnn05ilia2aw5ln8hhf3ca495n602j-elm-review-2.13.2",
              "default": true
            }
          ],
          "store_path": "/nix/store/7zwnn05ilia2aw5ln8hhf3ca495n602j-elm-review-2.13.2"
        },
        "x86_64-darwin": {
          "outputs": [
            {
              "name": "out",
              "path": "/nix/store/y1ad82rjq14z6y73akpb03kbqsamy82k-elm-review-2.13.2",
              "default": true
            }
          ],
          "store_path": "/nix/store/y1ad82rjq14z6y73akpb03kbqsamy82k-elm-review-2.13.2"
        },
        "x86_64-linux": {
          "outputs": [
            {
              "name": "out",
              "path": "/nix/store/rz8cz4p4zsa3rwhqlxiz85pk43k3nmwy-elm-review-2.13.2",
              "default": true
            }
          ],
          "store_path": "/nix/store/rz8cz4p4zsa3rwhqlxiz85pk43k3nmwy-elm-review-2.13.2"
        }
      }
    },
    "elmPackages.elm-test@latest": {
      "last_modified": "2025-03-16T16:17:41Z",
      "resolved": "github:NixOS/nixpkgs/8f76cf16b17c51ae0cc8e55488069593f6dab645#elmPackages.elm-test",
      "source": "devbox-search",
      "version": "0.19.1-revision15",
      "systems": {
        "aarch64-darwin": {
          "outputs": [
            {
              "name": "out",
              "path": "/nix/store/9cw2y8cfagqdmnj98mhcxi93axq8r54r-elm-test-0.19.1-revision15",
              "default": true
            }
          ],
          "store_path": "/nix/store/9cw2y8cfagqdmnj98mhcxi93axq8r54r-elm-test-0.19.1-revision15"
        },
        "aarch64-linux": {
          "outputs": [
            {
              "name": "out",
              "path": "/nix/store/2gb30c9nrj136fyzlgg0v5snscn5y386-elm-test-0.19.1-revision15",
              "default": true
            }
          ],
          "store_path": "/nix/store/2gb30c9nrj136fyzlgg0v5snscn5y386-elm-test-0.19.1-revision15"
        },
        "x86_64-darwin": {
          "outputs": [
            {
              "name": "out",
              "path": "/nix/store/pb0s8bfmah4vq31nyxc0cz9ggjay4ynx-elm-test-0.19.1-revision15",
              "default": true
            }
          ],
          "store_path": "/nix/store/pb0s8bfmah4vq31nyxc0cz9ggjay4ynx-elm-test-0.19.1-revision15"
        },
        "x86_64-linux": {
          "outputs": [
            {
              "name": "out",
              "path": "/nix/store/iy32bgiqi1cmamry31cavf0q47vp1klh-elm-test-0.19.1-revision15",
              "default": true
            }
          ],
          "store_path": "/nix/store/iy32bgiqi1cmamry31cavf0q47vp1klh-elm-test-0.19.1-revision15"
        }
      }
    },
    "elmPackages.elm@latest": {
      "last_modified": "2025-03-11T17:52:14Z",
      "resolved": "github:NixOS/nixpkgs/0d534853a55b5d02a4ababa1d71921ce8f0aee4c#elmPackages.elm",
      "source": "devbox-search",
      "version": "0.19.1",
      "systems": {
        "aarch64-darwin": {
          "outputs": [
            {
              "name": "out",
              "path": "/nix/store/ggxz5bx3d06x1v6g0cm9rbg28s9ia0gg-elm-0.19.1",
              "default": true
            },
            {
              "name": "doc",
              "path": "/nix/store/b318hspkialj493s43q9l5lzki3wjhyq-elm-0.19.1-doc"
            }
          ],
          "store_path": "/nix/store/ggxz5bx3d06x1v6g0cm9rbg28s9ia0gg-elm-0.19.1"
        },
        "aarch64-linux": {
          "outputs": [
            {
              "name": "out",
              "path": "/nix/store/36x9qh2yfmqrsxrfj42mjbvm4gy447xf-elm-0.19.1",
              "default": true
            },
            {
              "name": "doc",
              "path": "/nix/store/zsb9sbl65vn99akh25jg2s79jnymn93w-elm-0.19.1-doc"
            }
          ],
          "store_path": "/nix/store/36x9qh2yfmqrsxrfj42mjbvm4gy447xf-elm-0.19.1"
        },
        "x86_64-darwin": {
          "outputs": [
            {
              "name": "out",
              "path": "/nix/store/xk273xvnb202ggf3aaqrqyvglj1pv4qs-elm-0.19.1",
              "default": true
            },
            {
              "name": "doc",
              "path": "/nix/store/8sbmdli40gpc41d4g1x8gkl5hhmr8155-elm-0.19.1-doc"
            }
          ],
          "store_path": "/nix/store/xk273xvnb202ggf3aaqrqyvglj1pv4qs-elm-0.19.1"
        },
        "x86_64-linux": {
          "outputs": [
            {
              "name": "out",
              "path": "/nix/store/vvmj5g4pr510mgf8mjsp8jsv5fnifvpp-elm-0.19.1",
              "default": true
            },
            {
              "name": "doc",
              "path": "/nix/store/gpxa97r876fv2jsy7vmfpx8r86m3ms69-elm-0.19.1-doc"
            }
          ],
          "store_path": "/nix/store/vvmj5g4pr510mgf8mjsp8jsv5fnifvpp-elm-0.19.1"
        }
      }
    },
    "nodejs@22": {
      "last_modified": "2025-05-06T08:06:31Z",
      "plugin_version": "0.0.2",
      "resolved": "github:NixOS/nixpkgs/1cb1c02a6b1b7cf67e3d7731cbbf327a53da9679#nodejs_22",
      "source": "devbox-search",
      "version": "22.14.0",
      "systems": {
        "aarch64-darwin": {
          "outputs": [
            {
              "name": "out",
              "path": "/nix/store/2ribxb3gi87gj4331m6k0ydn0z90zfi7-nodejs-22.14.0",
              "default": true
            },
            {
              "name": "dev",
              "path": "/nix/store/zbr4fi11j897pa9jikqpviz57kagvizv-nodejs-22.14.0-dev"
            },
            {
              "name": "libv8",
              "path": "/nix/store/9rp5sb2nb5549qqax4v6ly4glixjm6d5-nodejs-22.14.0-libv8"
            }
          ],
          "store_path": "/nix/store/2ribxb3gi87gj4331m6k0ydn0z90zfi7-nodejs-22.14.0"
        },
        "aarch64-linux": {
          "outputs": [
            {
              "name": "out",
              "path": "/nix/store/8v7hqm22mk2w725sqwqcnym5jznqmn64-nodejs-22.14.0",
              "default": true
            },
            {
              "name": "dev",
              "path": "/nix/store/9hv74w50r20z1f1flnpza0aicz5agg8i-nodejs-22.14.0-dev"
            },
            {
              "name": "libv8",
              "path": "/nix/store/ww17b0kj7zawsa17l2kw5yi6019lddfy-nodejs-22.14.0-libv8"
            }
          ],
          "store_path": "/nix/store/8v7hqm22mk2w725sqwqcnym5jznqmn64-nodejs-22.14.0"
        },
        "x86_64-darwin": {
          "outputs": [
            {
              "name": "out",
              "path": "/nix/store/v0hpyc6r6qdwvydvgybn51jvajxqxz9f-nodejs-22.14.0",
              "default": true
            },
            {
              "name": "dev",
              "path": "/nix/store/ip5m8y2wj2cw44r1gh6yc7718qxsjphp-nodejs-22.14.0-dev"
            },
            {
              "name": "libv8",
              "path": "/nix/store/mmyh4261jrk7i9wylz6pjrp1rllvpfvs-nodejs-22.14.0-libv8"
            }
          ],
          "store_path": "/nix/store/v0hpyc6r6qdwvydvgybn51jvajxqxz9f-nodejs-22.14.0"
        },
        "x86_64-linux": {
          "outputs": [
            {
              "name": "out",
              "path": "/nix/store/50lhzpd68v47x6jy0b8b3p91n2zv3lv4-nodejs-22.14.0",
              "default": true
            },
            {
              "name": "dev",
              "path": "/nix/store/sbqvdlpp1zp6fdr3cb0mqyprjbcf2ihn-nodejs-22.14.0-dev"
            },
            {
              "name": "libv8",
              "path": "/nix/store/ianbd6y7fbm32073q239zdxlcmjwvm57-nodejs-22.14.0-libv8"
            }
          ],
          "store_path": "/nix/store/50lhzpd68v47x6jy0b8b3p91n2zv3lv4-nodejs-22.14.0"
        }
      }
    },
    "rsync@latest": {
      "last_modified": "2025-03-11T17:52:14Z",
      "resolved": "github:NixOS/nixpkgs/0d534853a55b5d02a4ababa1d71921ce8f0aee4c#rsync",
      "source": "devbox-search",
      "version": "3.4.1",
      "systems": {
        "aarch64-darwin": {
          "outputs": [
            {
              "name": "out",
              "path": "/nix/store/h9xnmypgdniq5wljxnrg0z8g6c9r38fa-rsync-3.4.1",
              "default": true
            }
          ],
          "store_path": "/nix/store/h9xnmypgdniq5wljxnrg0z8g6c9r38fa-rsync-3.4.1"
        },
        "aarch64-linux": {
          "outputs": [
            {
              "name": "out",
              "path": "/nix/store/ifvzhlyb08jg9ds7lzwyv5vch7185rf6-rsync-3.4.1",
              "default": true
            }
          ],
          "store_path": "/nix/store/ifvzhlyb08jg9ds7lzwyv5vch7185rf6-rsync-3.4.1"
        },
        "x86_64-darwin": {
          "outputs": [
            {
              "name": "out",
              "path": "/nix/store/b3a895ppmi0qkrs963x9whva4s9ykgms-rsync-3.4.1",
              "default": true
            }
          ],
          "store_path": "/nix/store/b3a895ppmi0qkrs963x9whva4s9ykgms-rsync-3.4.1"
        },
        "x86_64-linux": {
          "outputs": [
            {
              "name": "out",
              "path": "/nix/store/69c5vqpb58dckbizfajqwl280bkpwf7g-rsync-3.4.1",
              "default": true
            }
          ],
          "store_path": "/nix/store/69c5vqpb58dckbizfajqwl280bkpwf7g-rsync-3.4.1"
        }
      }
    },
    "shellcheck@latest": {
      "last_modified": "2025-03-11T17:52:14Z",
      "resolved": "github:NixOS/nixpkgs/0d534853a55b5d02a4ababa1d71921ce8f0aee4c#shellcheck",
      "source": "devbox-search",
      "version": "0.10.0",
      "systems": {
        "aarch64-darwin": {
          "outputs": [
            {
              "name": "bin",
              "path": "/nix/store/325gxaqj2jf8is7bl9l76xrg4lshm72f-shellcheck-0.10.0-bin",
              "default": true
            },
            {
              "name": "man",
              "path": "/nix/store/g62azyf0p9xj0d9j90dr7yhasbdnm7dk-shellcheck-0.10.0-man",
              "default": true
            },
            {
              "name": "doc",
              "path": "/nix/store/rjln13sbb4g1i6izlymwdj0ns5mlkdk9-shellcheck-0.10.0-doc",
              "default": true
            },
            {
              "name": "out",
              "path": "/nix/store/ch4cq7jdr08fm5anfwj9jr559v8lq5i2-shellcheck-0.10.0"
            }
          ],
          "store_path": "/nix/store/325gxaqj2jf8is7bl9l76xrg4lshm72f-shellcheck-0.10.0-bin"
        },
        "aarch64-linux": {
          "outputs": [
            {
              "name": "bin",
              "path": "/nix/store/37d0mp1kflgbkpgvk05fjf2xh2li4mj7-shellcheck-0.10.0-bin",
              "default": true
            },
            {
              "name": "man",
              "path": "/nix/store/jir1ky4dcpdq6ydyn5jl43ixcr84phw8-shellcheck-0.10.0-man",
              "default": true
            },
            {
              "name": "doc",
              "path": "/nix/store/zq69h86hz0xj1vjcpyfrlgmwmbs9pyh5-shellcheck-0.10.0-doc",
              "default": true
            },
            {
              "name": "out",
              "path": "/nix/store/7yn2p18qf9pal98dicmj4als7pn94pzw-shellcheck-0.10.0"
            }
          ],
          "store_path": "/nix/store/37d0mp1kflgbkpgvk05fjf2xh2li4mj7-shellcheck-0.10.0-bin"
        },
        "x86_64-darwin": {
          "outputs": [
            {
              "name": "bin",
              "path": "/nix/store/k17i8v7crc5hv7lzi490hjg40rc1xmvz-shellcheck-0.10.0-bin",
              "default": true
            },
            {
              "name": "man",
              "path": "/nix/store/cim6ifqys4d38wqx71gkiw9s7wm3m0vh-shellcheck-0.10.0-man",
              "default": true
            },
            {
              "name": "doc",
              "path": "/nix/store/hc649lnlbbwzy50kg81ib3h0bwadv70w-shellcheck-0.10.0-doc",
              "default": true
            },
            {
              "name": "out",
              "path": "/nix/store/vxih59dn7w40cny8v5r28ca5g8kmahvl-shellcheck-0.10.0"
            }
          ],
          "store_path": "/nix/store/k17i8v7crc5hv7lzi490hjg40rc1xmvz-shellcheck-0.10.0-bin"
        },
        "x86_64-linux": {
          "outputs": [
            {
              "name": "bin",
              "path": "/nix/store/9fpjy43dvmhrzdvf6djvfdj76c7xpvmi-shellcheck-0.10.0-bin",
              "default": true
            },
            {
              "name": "man",
              "path": "/nix/store/k6zkrm60hyxm7rvqp91761m2ksx0d1p8-shellcheck-0.10.0-man",
              "default": true
            },
            {
              "name": "doc",
              "path": "/nix/store/bwqhilfkvfayf8269lmfn6077gkrwg3z-shellcheck-0.10.0-doc",
              "default": true
            },
            {
              "name": "out",
              "path": "/nix/store/xf4c1r7dahlnwl3d9mww2c339is3rrqc-shellcheck-0.10.0"
            }
          ],
          "store_path": "/nix/store/9fpjy43dvmhrzdvf6djvfdj76c7xpvmi-shellcheck-0.10.0-bin"
        }
      }
    },
    "terser@latest": {
      "last_modified": "2025-03-11T17:52:14Z",
      "resolved": "github:NixOS/nixpkgs/0d534853a55b5d02a4ababa1d71921ce8f0aee4c#terser",
      "source": "devbox-search",
      "version": "5.38.0",
      "systems": {
        "aarch64-darwin": {
          "outputs": [
            {
              "name": "out",
              "path": "/nix/store/n41p1lyy1ap932mm42bfxm39f4jgkh63-terser-5.38.0",
              "default": true
            }
          ],
          "store_path": "/nix/store/n41p1lyy1ap932mm42bfxm39f4jgkh63-terser-5.38.0"
        },
        "aarch64-linux": {
          "outputs": [
            {
              "name": "out",
              "path": "/nix/store/8rjljf234zvicph98y9ym5lqs0hrqdr1-terser-5.38.0",
              "default": true
            }
          ],
          "store_path": "/nix/store/8rjljf234zvicph98y9ym5lqs0hrqdr1-terser-5.38.0"
        },
        "x86_64-darwin": {
          "outputs": [
            {
              "name": "out",
              "path": "/nix/store/njsqpp0fjgv3c3q0smk5xdyygf4n7b91-terser-5.38.0",
              "default": true
            }
          ],
          "store_path": "/nix/store/njsqpp0fjgv3c3q0smk5xdyygf4n7b91-terser-5.38.0"
        },
        "x86_64-linux": {
          "outputs": [
            {
              "name": "out",
              "path": "/nix/store/nhxxjpqzlpdal6bbnwms5zrykkb3lka8-terser-5.38.0",
              "default": true
            }
          ],
          "store_path": "/nix/store/nhxxjpqzlpdal6bbnwms5zrykkb3lka8-terser-5.38.0"
        }
      }
    }
  }
}
